
Microsoft Visual Studio Solution File, Format Version 12.00
# Visual Studio Version 16
VisualStudioVersion = 16.0.29411.108
MinimumVisualStudioVersion = 10.0.40219.1
Project("{FAE04EC0-301F-11D3-BF4B-00C04F79EFBC}") = "Permutation", "Permutation\Permutation.csproj", "{CE3099AB-D057-4D38-B4B6-D3FB83C4FB7F}"
EndProject
Global
	GlobalSection(SolutionConfigurationPlatforms) = preSolution
		Debug|Any CPU = Debug|Any CPU
		Release|Any CPU = Release|Any CPU
	EndGlobalSection
	GlobalSection(ProjectConfigurationPlatforms) = postSolution
		{CE3099AB-D057-4D38-B4B6-D3FB83C4FB7F}.Debug|Any CPU.ActiveCfg = Debug|Any CPU
		{CE3099AB-D057-4D38-B4B6-D3FB83C4FB7F}.Debug|Any CPU.Build.0 = Debug|Any CPU
		{CE3099AB-D057-4D38-B4B6-D3FB83C4FB7F}.Release|Any CPU.ActiveCfg = Release|Any CPU
		{CE3099AB-D057-4D38-B4B6-D3FB83C4FB7F}.Release|Any CPU.Build.0 = Release|Any CPU
	EndGlobalSection
	GlobalSection(SolutionProperties) = preSolution
		HideSolutionNode = FALSE
	EndGlobalSection
	GlobalSection(ExtensibilityGlobals) = postSolution
		SolutionGuid = {A84946BA-2D16-4A4F-BCF7-FC6363F9B9EB}
	EndGlobalSection
EndGlobal
